github.com/Ali-aqrabawi/gomiko v0.1.0 h1:jVeOFhxTrr6S1SWKfphkrkYBMye67iyvZDA4sGX0xWk=
github.com/Ali-aqrabawi/gomiko v0.1.0/go.mod h1:iNMQunbOrLfyyMVaxfa5flAFTw3dU0gLYJ8Os90J/vo=
github.com/pkg/errors v0.8.1 h1:iURUrRGxPUNPdy5/HRSm+Yj6okJ6UtLINN0Q9M4+h3I=
github.com/pkg/errors v0.8.1/go.mod h1:bwawxfHBFNV+L2hUp1rHADufV3IMtnDRdf1r5NINEl0=
golang.org/x/crypto v0.4.0 h1:UVQgzMY87xqpKNgb+kDsll2Igd33HszWHFLmpaRMq/8=
golang.org/x/crypto v0.4.0/go.mod h1:3quD/ATkf6oY+rnes5c3ExXTbLc8mueNue5/DoinL80=
golang.org/x/sys v0.3.0 h1:w8ZOecv6NaNa/zC8944JTU3vz4u6Lagfk4RPQxv92NQ=
golang.org/x/sys v0.3.0/go.mod h1:oPkhp1MJrh7nUepCBck5+mAzfO9JrbApNNgaTdGDITg=
golang.org/x/term v0.3.0 h1:qoo4akIqOcDME5bhc/NgxUdovd6BSS2uMsVjB56q1xI=
